{
  "name": "dogfood-uns",
  "version": "0.0.0",
  "lockfileVersion": 3,
  "requires": true,
  "packages": {
    "": {
      "name": "dogfood-uns",
      "version": "0.0.0",
      "dependencies": {
        "@gemstack/skill-branches": "file:../sb-pkg/gemstack-skill-branches-0.0.1.tgz"
      }
    },
    "node_modules/@gemstack/skill-branches": {
      "version": "0.0.1",
      "resolved": "file:../sb-pkg/gemstack-skill-branches-0.0.1.tgz",
      "integrity": "sha512-ROob7jECFkiJvlbbTJvKWxDSBoXCsfavRZ09NY0xxckM7yffiQ9P2gr525d0E4WtJ81aarz/frHlL9Gzh9fEsg==",
      "license": "MIT",
      "dependencies": {
        "use-npm-skills": "github:brillout/use-npm-skills#claude/use-npm-skills-package-kbh0kp"
      },
      "bin": {
        "branches": "bin/branches"
      },
      "engines": {
        "node": ">=22.12.0"
      }
    },
    "node_modules/use-npm-skills": {
      "version": "0.2.0",
      "resolved": "git+ssh://git@github.com/brillout/use-npm-skills.git#9cb10e14cecf138f5f07ccb50fab56850fe5a773",
      "hasInstallScript": true,
      "license": "MIT",
      "bin": {
        "use-npm-skills": "cli.js"
      },
      "engines": {
        "node": ">=16.0.0"
      }
    }
  }
}
